// !$*UTF8*$!
{
	archiveVersion = 1;
	classes = {
	};
	objectVersion = 50;
	objects = {

/* Begin PBXBuildFile section */
		A6917B2226B4F26400C44C04 /* AppDelegate.swift in Sources */ = {isa = PBXBuildFile; fileRef = A6917B2126B4F26400C44C04 /* AppDelegate.swift */; };
		A6917B2426B4F26400C44C04 /* SceneDelegate.swift in Sources */ = {isa = PBXBuildFile; fileRef = A6917B2326B4F26400C44C04 /* SceneDelegate.swift */; };
		A6917B2926B4F26400C44C04 /* Main.storyboard in Resources */ = {isa = PBXBuildFile; fileRef = A6917B2726B4F26400C44C04 /* Main.storyboard */; };
		A6917B2B26B4F26C00C44C04 /* Assets.xcassets in Resources */ = {isa = PBXBuildFile; fileRef = A6917B2A26B4F26C00C44C04 /* Assets.xcassets */; };
		A6917B2E26B4F26C00C44C04 /* LaunchScreen.storyboard in Resources */ = {isa = PBXBuildFile; fileRef = A6917B2C26B4F26C00C44C04 /* LaunchScreen.storyboard */; };
		A6917B3926B4F26C00C44C04 /* LootLoggerTests.swift in Sources */ = {isa = PBXBuildFile; fileRef = A6917B3826B4F26C00C44C04 /* LootLoggerTests.swift */; };
		A6917B4426B4F26C00C44C04 /* LootLoggerUITests.swift in Sources */ = {isa = PBXBuildFile; fileRef = A6917B4326B4F26C00C44C04 /* LootLoggerUITests.swift */; };
		A6917B5226B4F55200C44C04 /* ItemsViewController.swift in Sources */ = {isa = PBXBuildFile; fileRef = A6917B5126B4F55200C44C04 /* ItemsViewController.swift */; };
		A6917B5426B4FC1D00C44C04 /* ItemStore.swift in Sources */ = {isa = PBXBuildFile; fileRef = A6917B5326B4FC1D00C44C04 /* ItemStore.swift */; };
		A6917B5626B7F70500C44C04 /* ItemCell.swift in Sources */ = {isa = PBXBuildFile; fileRef = A6917B5526B7F70500C44C04 /* ItemCell.swift */; };
		A6917B5826BE3C3600C44C04 /* DetailViewController.swift in Sources */ = {isa = PBXBuildFile; fileRef = A6917B5726BE3C3500C44C04 /* DetailViewController.swift */; };
/* End PBXBuildFile section */

/* Begin PBXContainerItemProxy section */
		A6917B3526B4F26C00C44C04 /* PBXContainerItemProxy */ = {
			isa = PBXContainerItemProxy;
			containerPortal = A6917B1626B4F26400C44C04 /* Project object */;
			proxyType = 1;
			remoteGlobalIDString = A6917B1D26B4F26400C44C04;
			remoteInfo = LootLogger;
		};
		A6917B4026B4F26C00C44C04 /* PBXContainerItemProxy */ = {
			isa = PBXContainerItemProxy;
			containerPortal = A6917B1626B4F26400C44C04 /* Project object */;
			proxyType = 1;
			remoteGlobalIDString = A6917B1D26B4F26400C44C04;
			remoteInfo = LootLogger;
		};
/* End PBXContainerItemProxy section */

/* Begin PBXFileReference section */
		A6917B1E26B4F26400C44C04 /* LootLogger.app */ = {isa = PBXFileReference; explicitFileType = wrapper.application; includeInIndex = 0; path = LootLogger.app; sourceTree = BUILT_PRODUCTS_DIR; };
		A6917B2126B4F26400C44C04 /* AppDelegate.swift */ = {isa = PBXFileReference; lastKnownFileType = sourcecode.swift; path = AppDelegate.swift; sourceTree = "<group>"; };
		A6917B2326B4F26400C44C04 /* SceneDelegate.swift */ = {isa = PBXFileReference; lastKnownFileType = sourcecode.swift; path = SceneDelegate.swift; sourceTree = "<group>"; };
		A6917B2826B4F26400C44C04 /* Base */ = {isa = PBXFileReference; lastKnownFileType = file.storyboard; name = Base; path = Base.lproj/Main.storyboard; sourceTree = "<group>"; };
		A6917B2A26B4F26C00C44C04 /* Assets.xcassets */ = {isa = PBXFileReference; lastKnownFileType = folder.assetcatalog; path = Assets.xcassets; sourceTree = "<group>"; };
		A6917B2D26B4F26C00C44C04 /* Base */ = {isa = PBXFileReference; lastKnownFileType = file.storyboard; name = Base; path = Base.lproj/LaunchScreen.storyboard; sourceTree = "<group>"; };
		A6917B2F26B4F26C00C44C04 /* Info.plist */ = {isa = PBXFileReference; lastKnownFileType = text.plist.xml; path = Info.plist; sourceTree = "<group>"; };
		A6917B3426B4F26C00C44C04 /* LootLoggerTests.xctest */ = {isa = PBXFileReference; explicitFileType = wrapper.cfbundle; includeInIndex = 0; path = LootLoggerTests.xctest; sourceTree = BUILT_PRODUCTS_DIR; };
		A6917B3826B4F26C00C44C04 /* LootLoggerTests.swift */ = {isa = PBXFileReference; lastKnownFileType = sourcecode.swift; path = LootLoggerTests.swift; sourceTree = "<group>"; };
		A6917B3A26B4F26C00C44C04 /* Info.plist */ = {isa = PBXFileReference; lastKnownFileType = text.plist.xml; path = Info.plist; sourceTree = "<group>"; };
		A6917B3F26B4F26C00C44C04 /* LootLoggerUITests.xctest */ = {isa = PBXFileReference; explicitFileType = wrapper.cfbundle; includeInIndex = 0; path = LootLoggerUITests.xctest; sourceTree = BUILT_PRODUCTS_DIR; };
		A6917B4326B4F26C00C44C04 /* LootLoggerUITests.swift */ = {isa = PBXFileReference; lastKnownFileType = sourcecode.swift; path = LootLoggerUITests.swift; sourceTree = "<group>"; };
		A6917B4526B4F26C00C44C04 /* Info.plist */ = {isa = PBXFileReference; lastKnownFileType = text.plist.xml; path = Info.plist; sourceTree = "<group>"; };
		A6917B5126B4F55200C44C04 /* ItemsViewController.swift */ = {isa = PBXFileReference; lastKnownFileType = sourcecode.swift; path = ItemsViewController.swift; sourceTree = "<group>"; };
		A6917B5326B4FC1D00C44C04 /* ItemStore.swift */ = {isa = PBXFileReference; lastKnownFileType = sourcecode.swift; path = ItemStore.swift; sourceTree = "<group>"; };
		A6917B5526B7F70500C44C04 /* ItemCell.swift */ = {isa = PBXFileReference; lastKnownFileType = sourcecode.swift; path = ItemCell.swift; sourceTree = "<group>"; };
		A6917B5726BE3C3500C44C04 /* DetailViewController.swift */ = {isa = PBXFileReference; lastKnownFileType = sourcecode.swift; path = DetailViewController.swift; sourceTree = "<group>"; };
/* End PBXFileReference section */

/* Begin PBXFrameworksBuildPhase section */
		A6917B1B26B4F26400C44C04 /* Frameworks */ = {
			isa = PBXFrameworksBuildPhase;
			buildActionMask = 2147483647;
			files = (
			);
			runOnlyForDeploymentPostprocessing = 0;
		};
		A6917B3126B4F26C00C44C04 /* Frameworks */ = {
			isa = PBXFrameworksBuildPhase;
			buildActionMask = 2147483647;
			files = (
			);
			runOnlyForDeploymentPostprocessing = 0;
		};
		A6917B3C26B4F26C00C44C04 /* Frameworks */ = {
			isa = PBXFrameworksBuildPhase;
			buildActionMask = 2147483647;
			files = (
			);
			runOnlyForDeploymentPostprocessing = 0;
		};
/* End PBXFrameworksBuildPhase section */

/* Begin PBXGroup section */
		A6917B1526B4F26400C44C04 = {
			isa = PBXGroup;
			children = (
				A6917B5526B7F70500C44C04 /* ItemCell.swift */,
				A6917B2026B4F26400C44C04 /* LootLogger */,
				A6917B3726B4F26C00C44C04 /* LootLoggerTests */,
				A6917B4226B4F26C00C44C04 /* LootLoggerUITests */,
				A6917B1F26B4F26400C44C04 /* Products */,
			);
			sourceTree = "<group>";
		};
		A6917B1F26B4F26400C44C04 /* Products */ = {
			isa = PBXGroup;
			children = (
				A6917B1E26B4F26400C44C04 /* LootLogger.app */,
				A6917B3426B4F26C00C44C04 /* LootLoggerTests.xctest */,
				A6917B3F26B4F26C00C44C04 /* LootLoggerUITests.xctest */,
			);
			name = Products;
			sourceTree = "<group>";
		};
		A6917B2026B4F26400C44C04 /* LootLogger */ = {
			isa = PBXGroup;
			children = (
				A6917B5126B4F55200C44C04 /* ItemsViewController.swift */,
				A6917B5726BE3C3500C44C04 /* DetailViewController.swift */,
				A6917B5326B4FC1D00C44C04 /* ItemStore.swift */,
				A6917B2126B4F26400C44C04 /* AppDelegate.swift */,
				A6917B2326B4F26400C44C04 /* SceneDelegate.swift */,
				A6917B2726B4F26400C44C04 /* Main.storyboard */,
				A6917B2A26B4F26C00C44C04 /* Assets.xcassets */,
				A6917B2C26B4F26C00C44C04 /* LaunchScreen.storyboard */,
				A6917B2F26B4F26C00C44C04 /* Info.plist */,
			);
			path = LootLogger;
			sourceTree = "<group>";
		};
		A6917B3726B4F26C00C44C04 /* LootLoggerTests */ = {
			isa = PBXGroup;
			children = (
				A6917B3826B4F26C00C44C04 /* LootLoggerTests.swift */,
				A6917B3A26B4F26C00C44C04 /* Info.plist */,
			);
			path = LootLoggerTests;
			sourceTree = "<group>";
		};
		A6917B4226B4F26C00C44C04 /* LootLoggerUITests */ = {
			isa = PBXGroup;
			children = (
				A6917B4326B4F26C00C44C04 /* LootLoggerUITests.swift */,
				A6917B4526B4F26C00C44C04 /* Info.plist */,
			);
			path = LootLoggerUITests;
			sourceTree = "<group>";
		};
/* End PBXGroup section */

/* Begin PBXNativeTarget section */
		A6917B1D26B4F26400C44C04 /* LootLogger */ = {
			isa = PBXNativeTarget;
			buildConfigurationList = A6917B4826B4F26C00C44C04 /* Build configuration list for PBXNativeTarget "LootLogger" */;
			buildPhases = (
				A6917B1A26B4F26400C44C04 /* Sources */,
				A6917B1B26B4F26400C44C04 /* Frameworks */,
				A6917B1C26B4F26400C44C04 /* Resources */,
			);
			buildRules = (
			);
			dependencies = (
			);
			name = LootLogger;
			productName = LootLogger;
			productReference = A6917B1E26B4F26400C44C04 /* LootLogger.app */;
			productType = "com.apple.product-type.application";
		};
		A6917B3326B4F26C00C44C04 /* LootLoggerTests */ = {
			isa = PBXNativeTarget;
			buildConfigurationList = A6917B4B26B4F26C00C44C04 /* Build configuration list for PBXNativeTarget "LootLoggerTests" */;
			buildPhases = (
				A6917B3026B4F26C00C44C04 /* Sources */,
				A6917B3126B4F26C00C44C04 /* Frameworks */,
				A6917B3226B4F26C00C44C04 /* Resources */,
			);
			buildRules = (
			);
			dependencies = (
				A6917B3626B4F26C00C44C04 /* PBXTargetDependency */,
			);
			name = LootLoggerTests;
			productName = LootLoggerTests;
			productReference = A6917B3426B4F26C00C44C04 /* LootLoggerTests.xctest */;
			productType = "com.apple.product-type.bundle.unit-test";
		};
		A6917B3E26B4F26C00C44C04 /* LootLoggerUITests */ = {
			isa = PBXNativeTarget;
			buildConfigurationList = A6917B4E26B4F26C00C44C04 /* Build configuration list for PBXNativeTarget "LootLoggerUITests" */;
			buildPhases = (
				A6917B3B26B4F26C00C44C04 /* Sources */,
				A6917B3C26B4F26C00C44C04 /* Frameworks */,
				A6917B3D26B4F26C00C44C04 /* Resources */,
			);
			buildRules = (
			);
			dependencies = (
				A6917B4126B4F26C00C44C04 /* PBXTargetDependency */,
			);
			name = LootLoggerUITests;
			productName = LootLoggerUITests;
			productReference = A6917B3F26B4F26C00C44C04 /* LootLoggerUITests.xctest */;
			productType = "com.apple.product-type.bundle.ui-testing";
		};
/* End PBXNativeTarget section */

/* Begin PBXProject section */
		A6917B1626B4F26400C44C04 /* Project object */ = {
			isa = PBXProject;
			attributes = {
				LastSwiftUpdateCheck = 1250;
				LastUpgradeCheck = 1250;
				TargetAttributes = {
					A6917B1D26B4F26400C44C04 = {
						CreatedOnToolsVersion = 12.5;
					};
					A6917B3326B4F26C00C44C04 = {
						CreatedOnToolsVersion = 12.5;
						TestTargetID = A6917B1D26B4F26400C44C04;
					};
					A6917B3E26B4F26C00C44C04 = {
						CreatedOnToolsVersion = 12.5;
						TestTargetID = A6917B1D26B4F26400C44C04;
					};
				};
			};
			buildConfigurationList = A6917B1926B4F26400C44C04 /* Build configuration list for PBXProject "LootLogger" */;
			compatibilityVersion = "Xcode 9.3";
			developmentRegion = en;
			hasScannedForEncodings = 0;
			knownRegions = (
				en,
				Base,
			);
			mainGroup = A6917B1526B4F26400C44C04;
			productRefGroup = A6917B1F26B4F26400C44C04 /* Products */;
			projectDirPath = "";
			projectRoot = "";
			targets = (
				A6917B1D26B4F26400C44C04 /* LootLogger */,
				A6917B3326B4F26C00C44C04 /* LootLoggerTests */,
				A6917B3E26B4F26C00C44C04 /* LootLoggerUITests */,
			);
		};
/* End PBXProject section */

/* Begin PBXResourcesBuildPhase section */
		A6917B1C26B4F26400C44C04 /* Resources */ = {
			isa = PBXResourcesBuildPhase;
			buildActionMask = 2147483647;
			files = (
				A6917B2E26B4F26C00C44C04 /* LaunchScreen.storyboard in Resources */,
				A6917B2B26B4F26C00C44C04 /* Assets.xcassets in Resources */,
				A6917B2926B4F26400C44C04 /* Main.storyboard in Resources */,
			);
			runOnlyForDeploymentPostprocessing = 0;
		};
		A6917B3226B4F26C00C44C04 /* Resources */ = {
			isa = PBXResourcesBuildPhase;
			buildActionMask = 2147483647;
			files = (
			);
			runOnlyForDeploymentPostprocessing = 0;
		};
		A6917B3D26B4F26C00C44C04 /* Resources */ = {
			isa = PBXResourcesBuildPhase;
			buildActionMask = 2147483647;
			files = (
			);
			runOnlyForDeploymentPostprocessing = 0;
		};
/* End PBXResourcesBuildPhase section */

/* Begin PBXSourcesBuildPhase section */
		A6917B1A26B4F26400C44C04 /* Sources */ = {
			isa = PBXSourcesBuildPhase;
			buildActionMask = 2147483647;
			files = (
				A6917B5226B4F55200C44C04 /* ItemsViewController.swift in Sources */,
				A6917B2226B4F26400C44C04 /* AppDelegate.swift in Sources */,
				A6917B5426B4FC1D00C44C04 /* ItemStore.swift in Sources */,
				A6917B5826BE3C3600C44C04 /* DetailViewController.swift in Sources */,
				A6917B2426B4F26400C44C04 /* SceneDelegate.swift in Sources */,
				A6917B5626B7F70500C44C04 /* ItemCell.swift in Sources */,
			);
			runOnlyForDeploymentPostprocessing = 0;
		};
		A6917B3026B4F26C00C44C04 /* Sources */ = {
			isa = PBXSourcesBuildPhase;
			buildActionMask = 2147483647;
			files = (
				A6917B3926B4F26C00C44C04 /* LootLoggerTests.swift in Sources */,
			);
			runOnlyForDeploymentPostprocessing = 0;
		};
		A6917B3B26B4F26C00C44C04 /* Sources */ = {
			isa = PBXSourcesBuildPhase;
			buildActionMask = 2147483647;
			files = (
				A6917B4426B4F26C00C44C04 /* LootLoggerUITests.swift in Sources */,
			);
			runOnlyForDeploymentPostprocessing = 0;
		};
/* End PBXSourcesBuildPhase section */

/* Begin PBXTargetDependency section */
		A6917B3626B4F26C00C44C04 /* PBXTargetDependency */ = {
			isa = PBXTargetDependency;
			target = A6917B1D26B4F26400C44C04 /* LootLogger */;
			targetProxy = A6917B3526B4F26C00C44C04 /* PBXContainerItemProxy */;
		};
		A6917B4126B4F26C00C44C04 /* PBXTargetDependency */ = {
			isa = PBXTargetDependency;
			target = A6917B1D26B4F26400C44C04 /* LootLogger */;
			targetProxy = A6917B4026B4F26C00C44C04 /* PBXContainerItemProxy */;
		};
/* End PBXTargetDependency section */

/* Begin PBXVariantGroup section */
		A6917B2726B4F26400C44C04 /* Main.storyboard */ = {
			isa = PBXVariantGroup;
			children = (
				A6917B2826B4F26400C44C04 /* Base */,
			);
			name = Main.storyboard;
			sourceTree = "<group>";
		};
		A6917B2C26B4F26C00C44C04 /* LaunchScreen.storyboard */ = {
			isa = PBXVariantGroup;
			children = (
				A6917B2D26B4F26C00C44C04 /* Base */,
			);
			name = LaunchScreen.storyboard;
			sourceTree = "<group>";
		};
/* End PBXVariantGroup section */

/* Begin XCBuildConfiguration section */
		A6917B4626B4F26C00C44C04 /* Debug */ = {
			isa = XCBuildConfiguration;
			buildSettings = {
				ALWAYS_SEARCH_USER_PATHS = NO;
				CLANG_ANALYZER_NONNULL = YES;
				CLANG_ANALYZER_NUMBER_OBJECT_CONVERSION = YES_AGGRESSIVE;
				CLANG_CXX_LANGUAGE_STANDARD = "gnu++14";
				CLANG_CXX_LIBRARY = "libc++";
				CLANG_ENABLE_MODULES = YES;
				CLANG_ENABLE_OBJC_ARC = YES;
				CLANG_ENABLE_OBJC_WEAK = YES;
				CLANG_WARN_BLOCK_CAPTURE_AUTORELEASING = YES;
				CLANG_WARN_BOOL_CONVERSION = YES;
				CLANG_WARN_COMMA = YES;
				CLANG_WARN_CONSTANT_CONVERSION = YES;
				CLANG_WARN_DEPRECATED_OBJC_IMPLEMENTATIONS = YES;
				CLANG_WARN_DIRECT_OBJC_ISA_USAGE = YES_ERROR;
				CLANG_WARN_DOCUMENTATION_COMMENTS = YES;
				CLANG_WARN_EMPTY_BODY = YES;
				CLANG_WARN_ENUM_CONVERSION = YES;
				CLANG_WARN_INFINITE_RECURSION = YES;
				CLANG_WARN_INT_CONVERSION = YES;
				CLANG_WARN_NON_LITERAL_NULL_CONVERSION = YES;
				CLANG_WARN_OBJC_IMPLICIT_RETAIN_SELF = YES;
				CLANG_WARN_OBJC_LITERAL_CONVERSION = YES;
				CLANG_WARN_OBJC_ROOT_CLASS = YES_ERROR;
				CLANG_WARN_QUOTED_INCLUDE_IN_FRAMEWORK_HEADER = YES;
				CLANG_WARN_RANGE_LOOP_ANALYSIS = YES;
				CLANG_WARN_STRICT_PROTOTYPES = YES;
				CLANG_WARN_SUSPICIOUS_MOVE = YES;
				CLANG_WARN_UNGUARDED_AVAILABILITY = YES_AGGRESSIVE;
				CLANG_WARN_UNREACHABLE_CODE = YES;
				CLANG_WARN__DUPLICATE_METHOD_MATCH = YES;
				COPY_PHASE_STRIP = NO;
				DEBUG_INFORMATION_FORMAT = dwarf;
				ENABLE_STRICT_OBJC_MSGSEND = YES;
				ENABLE_TESTABILITY = YES;
				GCC_C_LANGUAGE_STANDARD = gnu11;
				GCC_DYNAMIC_NO_PIC = NO;
				GCC_NO_COMMON_BLOCKS = YES;
				GCC_OPTIMIZATION_LEVEL = 0;
				GCC_PREPROCESSOR_DEFINITIONS = (
					"DEBUG=1",
					"$(inherited)",
				);
				GCC_WARN_64_TO_32_BIT_CONVERSION = YES;
				GCC_WARN_ABOUT_RETURN_TYPE = YES_ERROR;
				GCC_WARN_UNDECLARED_SELECTOR = YES;
				GCC_WARN_UNINITIALIZED_AUTOS = YES_AGGRESSIVE;
				GCC_WARN_UNUSED_FUNCTION = YES;
				GCC_WARN_UNUSED_VARIABLE = YES;
				IPHONEOS_DEPLOYMENT_TARGET = 14.5;
				MTL_ENABLE_DEBUG_INFO = INCLUDE_SOURCE;
				MTL_FAST_MATH = YES;
				ONLY_ACTIVE_ARCH = YES;
				SDKROOT = iphoneos;
				SWIFT_ACTIVE_COMPILATION_CONDITIONS = DEBUG;
				SWIFT_OPTIMIZATION_LEVEL = "-Onone";
			};
			name = Debug;
		};
		A6917B4726B4F26C00C44C04 /* Release */ = {
			isa = XCBuildConfiguration;
			buildSettings = {
				ALWAYS_SEARCH_USER_PATHS = NO;
				CLANG_ANALYZER_NONNULL = YES;
				CLANG_ANALYZER_NUMBER_OBJECT_CONVERSION = YES_AGGRESSIVE;
				CLANG_CXX_LANGUAGE_STANDARD = "gnu++14";
				CLANG_CXX_LIBRARY = "libc++";
				CLANG_ENABLE_MODULES = YES;
				CLANG_ENABLE_OBJC_ARC = YES;
				CLANG_ENABLE_OBJC_WEAK = YES;
				CLANG_WARN_BLOCK_CAPTURE_AUTORELEASING = YES;
				CLANG_WARN_BOOL_CONVERSION = YES;
				CLANG_WARN_COMMA = YES;
				CLANG_WARN_CONSTANT_CONVERSION = YES;
				CLANG_WARN_DEPRECATED_OBJC_IMPLEMENTATIONS = YES;
				CLANG_WARN_DIRECT_OBJC_ISA_USAGE = YES_ERROR;
				CLANG_WARN_DOCUMENTATION_COMMENTS = YES;
				CLANG_WARN_EMPTY_BODY = YES;
				CLANG_WARN_ENUM_CONVERSION = YES;
				CLANG_WARN_INFINITE_RECURSION = YES;
				CLANG_WARN_INT_CONVERSION = YES;
				CLANG_WARN_NON_LITERAL_NULL_CONVERSION = YES;
				CLANG_WARN_OBJC_IMPLICIT_RETAIN_SELF = YES;
				CLANG_WARN_OBJC_LITERAL_CONVERSION = YES;
				CLANG_WARN_OBJC_ROOT_CLASS = YES_ERROR;
				CLANG_WARN_QUOTED_INCLUDE_IN_FRAMEWORK_HEADER = YES;
				CLANG_WARN_RANGE_LOOP_ANALYSIS = YES;
				CLANG_WARN_STRICT_PROTOTYPES = YES;
				CLANG_WARN_SUSPICIOUS_MOVE = YES;
				CLANG_WARN_UNGUARDED_AVAILABILITY = YES_AGGRESSIVE;
				CLANG_WARN_UNREACHABLE_CODE = YES;
				CLANG_WARN__DUPLICATE_METHOD_MATCH = YES;
				COPY_PHASE_STRIP = NO;
				DEBUG_INFORMATION_FORMAT = "dwarf-with-dsym";
				ENABLE_NS_ASSERTIONS = NO;
				ENABLE_STRICT_OBJC_MSGSEND = YES;
				GCC_C_LANGUAGE_STANDARD = gnu11;
				GCC_NO_COMMON_BLOCKS = YES;
				GCC_WARN_64_TO_32_BIT_CONVERSION = YES;
				GCC_WARN_ABOUT_RETURN_TYPE = YES_ERROR;
				GCC_WARN_UNDECLARED_SELECTOR = YES;
				GCC_WARN_UNINITIALIZED_AUTOS = YES_AGGRESSIVE;
				GCC_WARN_UNUSED_FUNCTION = YES;
				GCC_WARN_UNUSED_VARIABLE = YES;
				IPHONEOS_DEPLOYMENT_TARGET = 14.5;
				MTL_ENABLE_DEBUG_INFO = NO;
				MTL_FAST_MATH = YES;
				SDKROOT = iphoneos;
				SWIFT_COMPILATION_MODE = wholemodule;
				SWIFT_OPTIMIZATION_LEVEL = "-O";
				VALIDATE_PRODUCT = YES;
			};
			name = Release;
		};
		A6917B4926B4F26C00C44C04 /* Debug */ = {
			isa = XCBuildConfiguration;
			buildSettings = {
				ASSETCATALOG_COMPILER_APPICON_NAME = AppIcon;
				ASSETCATALOG_COMPILER_GLOBAL_ACCENT_COLOR_NAME = AccentColor;
				CODE_SIGN_STYLE = Automatic;
				DEVELOPMENT_TEAM = KJPTYUH9YG;
				INFOPLIST_FILE = LootLogger/Info.plist;
				LD_RUNPATH_SEARCH_PATHS = (
					"$(inherited)",
					"@executable_path/Frameworks",
				);
				PRODUCT_BUNDLE_IDENTIFIER = com.ronyeh.LootLogger;
				PRODUCT_NAME = "$(TARGET_NAME)";
				SWIFT_VERSION = 5.0;
				TARGETED_DEVICE_FAMILY = "1,2";
			};
			name = Debug;
		};
		A6917B4A26B4F26C00C44C04 /* Release */ = {
			isa = XCBuildConfiguration;
			buildSettings = {
				ASSETCATALOG_COMPILER_APPICON_NAME = AppIcon;
				ASSETCATALOG_COMPILER_GLOBAL_ACCENT_COLOR_NAME = AccentColor;
				CODE_SIGN_STYLE = Automatic;
				DEVELOPMENT_TEAM = KJPTYUH9YG;
				INFOPLIST_FILE = LootLogger/Info.plist;
				LD_RUNPATH_SEARCH_PATHS = (
					"$(inherited)",
					"@executable_path/Frameworks",
				);
				PRODUCT_BUNDLE_IDENTIFIER = com.ronyeh.LootLogger;
				PRODUCT_NAME = "$(TARGET_NAME)";
				SWIFT_VERSION = 5.0;
				TARGETED_DEVICE_FAMILY = "1,2";
			};
			name = Release;
		};
		A6917B4C26B4F26C00C44C04 /* Debug */ = {
			isa = XCBuildConfiguration;
			buildSettings = {
				ALWAYS_EMBED_SWIFT_STANDARD_LIBRARIES = YES;
				BUNDLE_LOADER = "$(TEST_HOST)";
				CODE_SIGN_STYLE = Automatic;
				DEVELOPMENT_TEAM = KJPTYUH9YG;
				INFOPLIST_FILE = LootLoggerTests/Info.plist;
				IPHONEOS_DEPLOYMENT_TARGET = 14.5;
				LD_RUNPATH_SEARCH_PATHS = (
					"$(inherited)",
					"@executable_path/Frameworks",
					"@loader_path/Frameworks",
				);
				PRODUCT_BUNDLE_IDENTIFIER = com.ronyeh.LootLoggerTests;
				PRODUCT_NAME = "$(TARGET_NAME)";
				SWIFT_VERSION = 5.0;
				TARGETED_DEVICE_FAMILY = "1,2";
				TEST_HOST = "$(BUILT_PRODUCTS_DIR)/LootLogger.app/LootLogger";
			};
			name = Debug;
		};
		A6917B4D26B4F26C00C44C04 /* Release */ = {
			isa = XCBuildConfiguration;
			buildSettings = {
				ALWAYS_EMBED_SWIFT_STANDARD_LIBRARIES = YES;
				BUNDLE_LOADER = "$(TEST_HOST)";
				CODE_SIGN_STYLE = Automatic;
				DEVELOPMENT_TEAM = KJPTYUH9YG;
				INFOPLIST_FILE = LootLoggerTests/Info.plist;
				IPHONEOS_DEPLOYMENT_TARGET = 14.5;
				LD_RUNPATH_SEARCH_PATHS = (
					"$(inherited)",
					"@executable_path/Frameworks",
					"@loader_path/Frameworks",
				);
				PRODUCT_BUNDLE_IDENTIFIER = com.ronyeh.LootLoggerTests;
				PRODUCT_NAME = "$(TARGET_NAME)";
				SWIFT_VERSION = 5.0;
				TARGETED_DEVICE_FAMILY = "1,2";
				TEST_HOST = "$(BUILT_PRODUCTS_DIR)/LootLogger.app/LootLogger";
			};
			name = Release;
		};
		A6917B4F26B4F26C00C44C04 /* Debug */ = {
			isa = XCBuildConfiguration;
			buildSettings = {
				ALWAYS_EMBED_SWIFT_STANDARD_LIBRARIES = YES;
				CODE_SIGN_STYLE = Automatic;
				DEVELOPMENT_TEAM = KJPTYUH9YG;
				INFOPLIST_FILE = LootLoggerUITests/Info.plist;
				LD_RUNPATH_SEARCH_PATHS = (
					"$(inherited)",
					"@executable_path/Frameworks",
					"@loader_path/Frameworks",
				);
				PRODUCT_BUNDLE_IDENTIFIER = com.ronyeh.LootLoggerUITests;
				PRODUCT_NAME = "$(TARGET_NAME)";
				SWIFT_VERSION = 5.0;
				TARGETED_DEVICE_FAMILY = "1,2";
				TEST_TARGET_NAME = LootLogger;
			};
			name = Debug;
		};
		A6917B5026B4F26C00C44C04 /* Release */ = {
			isa = XCBuildConfiguration;
			buildSettings = {
				ALWAYS_EMBED_SWIFT_STANDARD_LIBRARIES = YES;
				CODE_SIGN_STYLE = Automatic;
				DEVELOPMENT_TEAM = KJPTYUH9YG;
				INFOPLIST_FILE = LootLoggerUITests/Info.plist;
				LD_RUNPATH_SEARCH_PATHS = (
					"$(inherited)",
					"@executable_path/Frameworks",
					"@loader_path/Frameworks",
				);
				PRODUCT_BUNDLE_IDENTIFIER = com.ronyeh.LootLoggerUITests;
				PRODUCT_NAME = "$(TARGET_NAME)";
				SWIFT_VERSION = 5.0;
				TARGETED_DEVICE_FAMILY = "1,2";
				TEST_TARGET_NAME = LootLogger;
			};
			name = Release;
		};
/* End XCBuildConfiguration section */

/* Begin XCConfigurationList section */
		A6917B1926B4F26400C44C04 /* Build configuration list for PBXProject "LootLogger" */ = {
			isa = XCConfigurationList;
			buildConfigurations = (
				A6917B4626B4F26C00C44C04 /* Debug */,
				A6917B4726B4F26C00C44C04 /* Release */,
			);
			defaultConfigurationIsVisible = 0;
			defaultConfigurationName = Release;
		};
		A6917B4826B4F26C00C44C04 /* Build configuration list for PBXNativeTarget "LootLogger" */ = {
			isa = XCConfigurationList;
			buildConfigurations = (
				A6917B4926B4F26C00C44C04 /* Debug */,
				A6917B4A26B4F26C00C44C04 /* Release */,
			);
			defaultConfigurationIsVisible = 0;
			defaultConfigurationName = Release;
		};
		A6917B4B26B4F26C00C44C04 /* Build configuration list for PBXNativeTarget "LootLoggerTests" */ = {
			isa = XCConfigurationList;
			buildConfigurations = (
				A6917B4C26B4F26C00C44C04 /* Debug */,
				A6917B4D26B4F26C00C44C04 /* Release */,
			);
			defaultConfigurationIsVisible = 0;
			defaultConfigurationName = Release;
		};
		A6917B4E26B4F26C00C44C04 /* Build configuration list for PBXNativeTarget "LootLoggerUITests" */ = {
			isa = XCConfigurationList;
			buildConfigurations = (
				A6917B4F26B4F26C00C44C04 /* Debug */,
				A6917B5026B4F26C00C44C04 /* Release */,
			);
			defaultConfigurationIsVisible = 0;
			defaultConfigurationName = Release;
		};
/* End XCConfigurationList section */
	};
	rootObject = A6917B1626B4F26400C44C04 /* Project object */;
}
